{
  "name": "promela-grammar",
  "version": "1.0.0",
  "lockfileVersion": 3,
  "requires": true,
  "packages": {
    "": {
      "name": "promela-grammar",
      "version": "1.0.0",
      "license": "MIT",
      "dependencies": {
        "antlr4-c3": "^3.3.5",
        "antlr4ng": "^2.0.9"
      }
    },
    "node_modules/antlr4-c3": {
      "version": "3.3.5",
      "resolved": "https://registry.npmjs.org/antlr4-c3/-/antlr4-c3-3.3.5.tgz",
      "integrity": "sha512-kJ2SRxa6zns5aXSqz90ogPchzUNTO4LshXsvTqe4a5fvJci1G67H1cMMhYGhcWqkZezyOFxPZ8XrZ+s7ivhWKw==",
      "dependencies": {
        "antlr4ng": "^2.0.0"
      }
    },
    "node_modules/antlr4ng": {
      "version": "2.0.9",
      "resolved": "https://registry.npmjs.org/antlr4ng/-/antlr4ng-2.0.9.tgz",
      "integrity": "sha512-+Xe02U16o05YxII0A9uwPsyA6aJHs7B71I9hHV1Mh21YLR1Qly5EamXyxz6PbNyQi7UXdjU6ygPN4J4h2wlMRw==",
      "peerDependencies": {
        "antlr4ng-cli": "1.0.7"
      }
    },
    "node_modules/antlr4ng-cli": {
      "version": "1.0.7",
      "resolved": "https://registry.npmjs.org/antlr4ng-cli/-/antlr4ng-cli-1.0.7.tgz",
      "integrity": "sha512-qN2FsDBmLvsQcA5CWTrPz8I8gNXeS1fgXBBhI78VyxBSBV/EJgqy8ks6IDTC9jyugpl40csCQ4sL5K4i2YZ/2w==",
      "peer": true,
      "bin": {
        "antlr4ng": "index.js"
      }
    }
  }
}
